
Microsoft Visual Studio Solution File, Format Version 10.00
# Visual Studio 2008
Project("{8BC9CEB8-8B4A-11D0-8D11-00A0C91BC942}") = "PacketParse", "PacketParse.vcproj", "{9E05DBA1-FD5A-40D4-A56A-8A8332A8A4A5}"
EndProject
Global
	GlobalSection(SolutionConfigurationPlatforms) = preSolution
		Debug|Win32 = Debug|Win32
		Release|Win32 = Release|Win32
	EndGlobalSection
	GlobalSection(ProjectConfigurationPlatforms) = postSolution
		{9E05DBA1-FD5A-40D4-A56A-8A8332A8A4A5}.Debug|Win32.ActiveCfg = Debug|Win32
		{9E05DBA1-FD5A-40D4-A56A-8A8332A8A4A5}.Debug|Win32.Build.0 = Debug|Win32
		{9E05DBA1-FD5A-40D4-A56A-8A8332A8A4A5}.Release|Win32.ActiveCfg = Release|Win32
		{9E05DBA1-FD5A-40D4-A56A-8A8332A8A4A5}.Release|Win32.Build.0 = Release|Win32
	EndGlobalSection
	GlobalSection(SolutionProperties) = preSolution
		HideSolutionNode = FALSE
	EndGlobalSection
EndGlobal
