
Microsoft Visual Studio Solution File, Format Version 10.00
# Visual Studio 2008
Project("{8BC9CEB8-8B4A-11D0-8D11-00A0C91BC942}") = "TcpTest", "TcpTest.vcproj", "{ABAC701B-B553-4EC0-91A0-C9C6621F4896}"
EndProject
Global
	GlobalSection(SolutionConfigurationPlatforms) = preSolution
		Debug|Win32 = Debug|Win32
		Release|Win32 = Release|Win32
	EndGlobalSection
	GlobalSection(ProjectConfigurationPlatforms) = postSolution
		{ABAC701B-B553-4EC0-91A0-C9C6621F4896}.Debug|Win32.ActiveCfg = Debug|Win32
		{ABAC701B-B553-4EC0-91A0-C9C6621F4896}.Debug|Win32.Build.0 = Debug|Win32
		{ABAC701B-B553-4EC0-91A0-C9C6621F4896}.Release|Win32.ActiveCfg = Release|Win32
		{ABAC701B-B553-4EC0-91A0-C9C6621F4896}.Release|Win32.Build.0 = Release|Win32
	EndGlobalSection
	GlobalSection(SolutionProperties) = preSolution
		HideSolutionNode = FALSE
	EndGlobalSection
EndGlobal
