
Microsoft Visual Studio Solution File, Format Version 9.00
# Visual Studio 2005
Project("{8BC9CEB8-8B4A-11D0-8D11-00A0C91BC942}") = "TestUDPPost", "TestUDPPost.vcproj", "{F3B19300-85FA-4B7A-9E21-2F638FF4C36D}"
EndProject
Global
	GlobalSection(SolutionConfigurationPlatforms) = preSolution
		Debug|Win32 = Debug|Win32
		Release|Win32 = Release|Win32
	EndGlobalSection
	GlobalSection(ProjectConfigurationPlatforms) = postSolution
		{F3B19300-85FA-4B7A-9E21-2F638FF4C36D}.Debug|Win32.ActiveCfg = Debug|Win32
		{F3B19300-85FA-4B7A-9E21-2F638FF4C36D}.Debug|Win32.Build.0 = Debug|Win32
		{F3B19300-85FA-4B7A-9E21-2F638FF4C36D}.Release|Win32.ActiveCfg = Release|Win32
		{F3B19300-85FA-4B7A-9E21-2F638FF4C36D}.Release|Win32.Build.0 = Release|Win32
	EndGlobalSection
	GlobalSection(SolutionProperties) = preSolution
		HideSolutionNode = FALSE
	EndGlobalSection
EndGlobal
